
Microsoft Visual Studio Solution File, Format Version 12.00
# Visual Studio Version 17
VisualStudioVersion = 17.5.002.0
MinimumVisualStudioVersion = 10.0.40219.1
Project("{9A19103F-16F7-4668-BE54-9A1E7A4F7556}") = "GestionDeBiblioteca", "GestionDeBiblioteca.csproj", "{A3E92226-E962-4F03-A390-E7B1C9AEAFAE}"
EndProject
Global
	GlobalSection(SolutionConfigurationPlatforms) = preSolution
		Debug|Any CPU = Debug|Any CPU
		Release|Any CPU = Release|Any CPU
	EndGlobalSection
	GlobalSection(ProjectConfigurationPlatforms) = postSolution
		{A3E92226-E962-4F03-A390-E7B1C9AEAFAE}.Debug|Any CPU.ActiveCfg = Debug|Any CPU
		{A3E92226-E962-4F03-A390-E7B1C9AEAFAE}.Debug|Any CPU.Build.0 = Debug|Any CPU
		{A3E92226-E962-4F03-A390-E7B1C9AEAFAE}.Release|Any CPU.ActiveCfg = Release|Any CPU
		{A3E92226-E962-4F03-A390-E7B1C9AEAFAE}.Release|Any CPU.Build.0 = Release|Any CPU
	EndGlobalSection
	GlobalSection(SolutionProperties) = preSolution
		HideSolutionNode = FALSE
	EndGlobalSection
	GlobalSection(ExtensibilityGlobals) = postSolution
		SolutionGuid = {19355225-0429-4F39-AFC2-3EAA04B7E5C8}
	EndGlobalSection
EndGlobal
